
Microsoft Visual Studio Solution File, Format Version 12.00
# Visual Studio Version 17
VisualStudioVersion = 17.1.32228.430
MinimumVisualStudioVersion = 10.0.40219.1
Project("{FAE04EC0-301F-11D3-BF4B-00C04F79EFBC}") = "Calculatrice", "Calculator\Calculatrice.csproj", "{577FBEE6-A032-40DA-8545-C94B13A8BB2E}"
EndProject
Project("{FAE04EC0-301F-11D3-BF4B-00C04F79EFBC}") = "Calculator.Tests", "Calculator.Tests\Calculator.Tests.csproj", "{D06034BB-7FE3-4419-AB31-AD5348977AE1}"
EndProject
Global
	GlobalSection(SolutionConfigurationPlatforms) = preSolution
		Debug|Any CPU = Debug|Any CPU
		Debug|x86 = Debug|x86
		Release|Any CPU = Release|Any CPU
		Release|x86 = Release|x86
	EndGlobalSection
	GlobalSection(ProjectConfigurationPlatforms) = postSolution
		{577FBEE6-A032-40DA-8545-C94B13A8BB2E}.Debug|Any CPU.ActiveCfg = Debug|Any CPU
		{577FBEE6-A032-40DA-8545-C94B13A8BB2E}.Debug|Any CPU.Build.0 = Debug|Any CPU
		{577FBEE6-A032-40DA-8545-C94B13A8BB2E}.Debug|x86.ActiveCfg = Debug|Any CPU
		{577FBEE6-A032-40DA-8545-C94B13A8BB2E}.Debug|x86.Build.0 = Debug|Any CPU
		{577FBEE6-A032-40DA-8545-C94B13A8BB2E}.Release|Any CPU.ActiveCfg = Release|Any CPU
		{577FBEE6-A032-40DA-8545-C94B13A8BB2E}.Release|Any CPU.Build.0 = Release|Any CPU
		{577FBEE6-A032-40DA-8545-C94B13A8BB2E}.Release|x86.ActiveCfg = Release|Any CPU
		{577FBEE6-A032-40DA-8545-C94B13A8BB2E}.Release|x86.Build.0 = Release|Any CPU
		{D06034BB-7FE3-4419-AB31-AD5348977AE1}.Debug|Any CPU.ActiveCfg = Debug|Any CPU
		{D06034BB-7FE3-4419-AB31-AD5348977AE1}.Debug|Any CPU.Build.0 = Debug|Any CPU
		{D06034BB-7FE3-4419-AB31-AD5348977AE1}.Debug|x86.ActiveCfg = Debug|Any CPU
		{D06034BB-7FE3-4419-AB31-AD5348977AE1}.Debug|x86.Build.0 = Debug|Any CPU
		{D06034BB-7FE3-4419-AB31-AD5348977AE1}.Release|Any CPU.ActiveCfg = Release|Any CPU
		{D06034BB-7FE3-4419-AB31-AD5348977AE1}.Release|Any CPU.Build.0 = Release|Any CPU
		{D06034BB-7FE3-4419-AB31-AD5348977AE1}.Release|x86.ActiveCfg = Release|Any CPU
		{D06034BB-7FE3-4419-AB31-AD5348977AE1}.Release|x86.Build.0 = Release|Any CPU
	EndGlobalSection
	GlobalSection(SolutionProperties) = preSolution
		HideSolutionNode = FALSE
	EndGlobalSection
	GlobalSection(ExtensibilityGlobals) = postSolution
		SolutionGuid = {8EC2EDC2-089C-4825-ACCF-32EF52DB36AB}
	EndGlobalSection
EndGlobal
